
Microsoft Visual Studio Solution File, Format Version 12.00
# Visual Studio Version 16
VisualStudioVersion = 16.0.29728.190
MinimumVisualStudioVersion = 10.0.40219.1
Project("{8BC9CEB8-8B4A-11D0-8D11-00A0C91BC942}") = "GX2_TOOLS", "GX2_TOOLS.vcxproj", "{5746F5D8-10AC-3EB2-B23C-393565136AED}"
EndProject
Global
	GlobalSection(SolutionConfigurationPlatforms) = preSolution
		Debug|x64 = Debug|x64
		Release|x64 = Release|x64
	EndGlobalSection
	GlobalSection(ProjectConfigurationPlatforms) = postSolution
		{5746F5D8-10AC-3EB2-B23C-393565136AED}.Debug|x64.ActiveCfg = Debug|x64
		{5746F5D8-10AC-3EB2-B23C-393565136AED}.Debug|x64.Build.0 = Debug|x64
		{5746F5D8-10AC-3EB2-B23C-393565136AED}.Release|x64.ActiveCfg = Release|x64
		{5746F5D8-10AC-3EB2-B23C-393565136AED}.Release|x64.Build.0 = Release|x64
	EndGlobalSection
	GlobalSection(SolutionProperties) = preSolution
		HideSolutionNode = FALSE
	EndGlobalSection
	GlobalSection(ExtensibilityGlobals) = postSolution
		SolutionGuid = {A094FB86-DF2D-4099-9D24-E6C97482B272}
	EndGlobalSection
EndGlobal
